
Microsoft Visual Studio Solution File, Format Version 12.00
# Visual Studio Version 17
VisualStudioVersion = 17.3.32901.215
MinimumVisualStudioVersion = 10.0.40219.1
Project("{FAE04EC0-301F-11D3-BF4B-00C04F79EFBC}") = "BohdanDZ1 2", "BohdanDZ1 2.csproj", "{38CBC8A5-8359-4BD1-B0DA-0D450C32CAC9}"
EndProject
Global
	GlobalSection(SolutionConfigurationPlatforms) = preSolution
		Debug|Any CPU = Debug|Any CPU
		Release|Any CPU = Release|Any CPU
	EndGlobalSection
	GlobalSection(ProjectConfigurationPlatforms) = postSolution
		{38CBC8A5-8359-4BD1-B0DA-0D450C32CAC9}.Debug|Any CPU.ActiveCfg = Debug|Any CPU
		{38CBC8A5-8359-4BD1-B0DA-0D450C32CAC9}.Debug|Any CPU.Build.0 = Debug|Any CPU
		{38CBC8A5-8359-4BD1-B0DA-0D450C32CAC9}.Release|Any CPU.ActiveCfg = Release|Any CPU
		{38CBC8A5-8359-4BD1-B0DA-0D450C32CAC9}.Release|Any CPU.Build.0 = Release|Any CPU
	EndGlobalSection
	GlobalSection(SolutionProperties) = preSolution
		HideSolutionNode = FALSE
	EndGlobalSection
	GlobalSection(ExtensibilityGlobals) = postSolution
		SolutionGuid = {E669C0C6-8F3D-4CF6-93E3-C2FE1255CB4C}
	EndGlobalSection
EndGlobal
